
Microsoft Visual Studio Solution File, Format Version 12.00
# Visual Studio 14
VisualStudioVersion = 14.0.25420.1
MinimumVisualStudioVersion = 10.0.40219.1
Project("{FAE04EC0-301F-11D3-BF4B-00C04F79EFBC}") = "WindowsFormsApplication1", "WindowsFormsApplication1\WindowsFormsApplication1.csproj", "{AA522C43-ABC5-44BB-B4F0-F31656E3FBAA}"
EndProject
Project("{FAE04EC0-301F-11D3-BF4B-00C04F79EFBC}") = "WindowsFormsApplication2", "WindowsFormsApplication2\WindowsFormsApplication2.csproj", "{BC1183FA-4FED-4586-A933-8AF3B060FBF7}"
EndProject
Project("{FAE04EC0-301F-11D3-BF4B-00C04F79EFBC}") = "ConsoleApplication1", "ConsoleApplication1\ConsoleApplication1.csproj", "{D7E5A988-3EC2-4797-A2E3-904B27B26E82}"
EndProject
Project("{FAE04EC0-301F-11D3-BF4B-00C04F79EFBC}") = "WindowsFormsApplication3", "WindowsFormsApplication3\WindowsFormsApplication3.csproj", "{8457D57D-CC82-4F3F-9ECD-8F28E0F2D10A}"
EndProject
Global
	GlobalSection(SolutionConfigurationPlatforms) = preSolution
		Debug|Any CPU = Debug|Any CPU
		Release|Any CPU = Release|Any CPU
	EndGlobalSection
	GlobalSection(ProjectConfigurationPlatforms) = postSolution
		{AA522C43-ABC5-44BB-B4F0-F31656E3FBAA}.Debug|Any CPU.ActiveCfg = Debug|Any CPU
		{AA522C43-ABC5-44BB-B4F0-F31656E3FBAA}.Debug|Any CPU.Build.0 = Debug|Any CPU
		{AA522C43-ABC5-44BB-B4F0-F31656E3FBAA}.Release|Any CPU.ActiveCfg = Release|Any CPU
		{AA522C43-ABC5-44BB-B4F0-F31656E3FBAA}.Release|Any CPU.Build.0 = Release|Any CPU
		{BC1183FA-4FED-4586-A933-8AF3B060FBF7}.Debug|Any CPU.ActiveCfg = Debug|Any CPU
		{BC1183FA-4FED-4586-A933-8AF3B060FBF7}.Debug|Any CPU.Build.0 = Debug|Any CPU
		{BC1183FA-4FED-4586-A933-8AF3B060FBF7}.Release|Any CPU.ActiveCfg = Release|Any CPU
		{BC1183FA-4FED-4586-A933-8AF3B060FBF7}.Release|Any CPU.Build.0 = Release|Any CPU
		{D7E5A988-3EC2-4797-A2E3-904B27B26E82}.Debug|Any CPU.ActiveCfg = Debug|Any CPU
		{D7E5A988-3EC2-4797-A2E3-904B27B26E82}.Debug|Any CPU.Build.0 = Debug|Any CPU
		{D7E5A988-3EC2-4797-A2E3-904B27B26E82}.Release|Any CPU.ActiveCfg = Release|Any CPU
		{D7E5A988-3EC2-4797-A2E3-904B27B26E82}.Release|Any CPU.Build.0 = Release|Any CPU
		{8457D57D-CC82-4F3F-9ECD-8F28E0F2D10A}.Debug|Any CPU.ActiveCfg = Debug|Any CPU
		{8457D57D-CC82-4F3F-9ECD-8F28E0F2D10A}.Debug|Any CPU.Build.0 = Debug|Any CPU
		{8457D57D-CC82-4F3F-9ECD-8F28E0F2D10A}.Release|Any CPU.ActiveCfg = Release|Any CPU
		{8457D57D-CC82-4F3F-9ECD-8F28E0F2D10A}.Release|Any CPU.Build.0 = Release|Any CPU
	EndGlobalSection
	GlobalSection(SolutionProperties) = preSolution
		HideSolutionNode = FALSE
	EndGlobalSection
EndGlobal
